// !$*UTF8*$!
{
	archiveVersion = 1;
	classes = {
	};
	objectVersion = 51;
	objects = {

/* Begin PBXBuildFile section */
		0CAB128329354B670064FCC5 /* AppDelegate.swift in Sources */ = {isa = PBXBuildFile; fileRef = 0CAB128229354B670064FCC5 /* AppDelegate.swift */; };
		0CAB128529354B670064FCC5 /* SceneDelegate.swift in Sources */ = {isa = PBXBuildFile; fileRef = 0CAB128429354B670064FCC5 /* SceneDelegate.swift */; };
		0CAB128729354B670064FCC5 /* HomeVC.swift in Sources */ = {isa = PBXBuildFile; fileRef = 0CAB128629354B670064FCC5 /* HomeVC.swift */; };
		0CAB128A29354B670064FCC5 /* Main.storyboard in Resources */ = {isa = PBXBuildFile; fileRef = 0CAB128829354B670064FCC5 /* Main.storyboard */; };
		0CAB128C29354B680064FCC5 /* Assets.xcassets in Resources */ = {isa = PBXBuildFile; fileRef = 0CAB128B29354B680064FCC5 /* Assets.xcassets */; };
		0CAB128F29354B680064FCC5 /* LaunchScreen.storyboard in Resources */ = {isa = PBXBuildFile; fileRef = 0CAB128D29354B680064FCC5 /* LaunchScreen.storyboard */; };
		0CAB129A29354BD00064FCC5 /* News.swift in Sources */ = {isa = PBXBuildFile; fileRef = 0CAB129929354BD00064FCC5 /* News.swift */; };
		0CAB12A029354D360064FCC5 /* Extensions.swift in Sources */ = {isa = PBXBuildFile; fileRef = 0CAB129F29354D360064FCC5 /* Extensions.swift */; };
		0CAB12A329354D900064FCC5 /* constants.swift in Sources */ = {isa = PBXBuildFile; fileRef = 0CAB12A229354D900064FCC5 /* constants.swift */; };
		0CAB12B3293556820064FCC5 /* NewsCell.swift in Sources */ = {isa = PBXBuildFile; fileRef = 0CAB12B1293556820064FCC5 /* NewsCell.swift */; };
		0CAB12B4293556820064FCC5 /* NewsCell.xib in Resources */ = {isa = PBXBuildFile; fileRef = 0CAB12B2293556820064FCC5 /* NewsCell.xib */; };
		0CAB12F3293562B60064FCC5 /* DataSource.swift in Sources */ = {isa = PBXBuildFile; fileRef = 0CAB12F2293562B60064FCC5 /* DataSource.swift */; };
		0CAB12F62935646C0064FCC5 /* NewsDetailsVC.swift in Sources */ = {isa = PBXBuildFile; fileRef = 0CAB12F52935646C0064FCC5 /* NewsDetailsVC.swift */; };
		0CAB12F929356D0C0064FCC5 /* FilterVC.swift in Sources */ = {isa = PBXBuildFile; fileRef = 0CAB12F829356D0C0064FCC5 /* FilterVC.swift */; };
		0CC95FC429369A8000F65005 /* ArticlesData.swift in Sources */ = {isa = PBXBuildFile; fileRef = 0CC95FC329369A8000F65005 /* ArticlesData.swift */; };
		99D60E6419F5FD0DCBA7F2A2 /* Pods_NewsApp.framework in Frameworks */ = {isa = PBXBuildFile; fileRef = 7FCA8EB14B0F0B4AEE959215 /* Pods_NewsApp.framework */; };
/* End PBXBuildFile section */

/* Begin PBXFileReference section */
		0CAB127F29354B670064FCC5 /* NewsApp.app */ = {isa = PBXFileReference; explicitFileType = wrapper.application; includeInIndex = 0; path = NewsApp.app; sourceTree = BUILT_PRODUCTS_DIR; };
		0CAB128229354B670064FCC5 /* AppDelegate.swift */ = {isa = PBXFileReference; lastKnownFileType = sourcecode.swift; path = AppDelegate.swift; sourceTree = "<group>"; };
		0CAB128429354B670064FCC5 /* SceneDelegate.swift */ = {isa = PBXFileReference; lastKnownFileType = sourcecode.swift; path = SceneDelegate.swift; sourceTree = "<group>"; };
		0CAB128629354B670064FCC5 /* HomeVC.swift */ = {isa = PBXFileReference; lastKnownFileType = sourcecode.swift; path = HomeVC.swift; sourceTree = "<group>"; };
		0CAB128929354B670064FCC5 /* Base */ = {isa = PBXFileReference; lastKnownFileType = file.storyboard; name = Base; path = Base.lproj/Main.storyboard; sourceTree = "<group>"; };
		0CAB128B29354B680064FCC5 /* Assets.xcassets */ = {isa = PBXFileReference; lastKnownFileType = folder.assetcatalog; path = Assets.xcassets; sourceTree = "<group>"; };
		0CAB128E29354B680064FCC5 /* Base */ = {isa = PBXFileReference; lastKnownFileType = file.storyboard; name = Base; path = Base.lproj/LaunchScreen.storyboard; sourceTree = "<group>"; };
		0CAB129029354B680064FCC5 /* Info.plist */ = {isa = PBXFileReference; lastKnownFileType = text.plist.xml; path = Info.plist; sourceTree = "<group>"; };
		0CAB129929354BD00064FCC5 /* News.swift */ = {isa = PBXFileReference; lastKnownFileType = sourcecode.swift; path = News.swift; sourceTree = "<group>"; };
		0CAB129F29354D360064FCC5 /* Extensions.swift */ = {isa = PBXFileReference; lastKnownFileType = sourcecode.swift; path = Extensions.swift; sourceTree = "<group>"; };
		0CAB12A229354D900064FCC5 /* constants.swift */ = {isa = PBXFileReference; lastKnownFileType = sourcecode.swift; path = constants.swift; sourceTree = "<group>"; };
		0CAB12B1293556820064FCC5 /* NewsCell.swift */ = {isa = PBXFileReference; lastKnownFileType = sourcecode.swift; name = NewsCell.swift; path = NewsApp/Controller/NewsCell.swift; sourceTree = SOURCE_ROOT; };
		0CAB12B2293556820064FCC5 /* NewsCell.xib */ = {isa = PBXFileReference; lastKnownFileType = file.xib; path = NewsCell.xib; sourceTree = "<group>"; };
		0CAB12F2293562B60064FCC5 /* DataSource.swift */ = {isa = PBXFileReference; lastKnownFileType = sourcecode.swift; path = DataSource.swift; sourceTree = "<group>"; };
		0CAB12F52935646C0064FCC5 /* NewsDetailsVC.swift */ = {isa = PBXFileReference; lastKnownFileType = sourcecode.swift; path = NewsDetailsVC.swift; sourceTree = "<group>"; };
		0CAB12F829356D0C0064FCC5 /* FilterVC.swift */ = {isa = PBXFileReference; lastKnownFileType = sourcecode.swift; path = FilterVC.swift; sourceTree = "<group>"; };
		0CC95FC329369A8000F65005 /* ArticlesData.swift */ = {isa = PBXFileReference; lastKnownFileType = sourcecode.swift; path = ArticlesData.swift; sourceTree = "<group>"; };
		328FBA84425C54E37D5E0B18 /* Pods-NewsApp.debug.xcconfig */ = {isa = PBXFileReference; includeInIndex = 1; lastKnownFileType = text.xcconfig; name = "Pods-NewsApp.debug.xcconfig"; path = "Target Support Files/Pods-NewsApp/Pods-NewsApp.debug.xcconfig"; sourceTree = "<group>"; };
		7FCA8EB14B0F0B4AEE959215 /* Pods_NewsApp.framework */ = {isa = PBXFileReference; explicitFileType = wrapper.framework; includeInIndex = 0; path = Pods_NewsApp.framework; sourceTree = BUILT_PRODUCTS_DIR; };
		8C00FB355DE736BAEFA05278 /* Pods-NewsApp.release.xcconfig */ = {isa = PBXFileReference; includeInIndex = 1; lastKnownFileType = text.xcconfig; name = "Pods-NewsApp.release.xcconfig"; path = "Target Support Files/Pods-NewsApp/Pods-NewsApp.release.xcconfig"; sourceTree = "<group>"; };
/* End PBXFileReference section */

/* Begin PBXFrameworksBuildPhase section */
		0CAB127C29354B670064FCC5 /* Frameworks */ = {
			isa = PBXFrameworksBuildPhase;
			buildActionMask = 2147483647;
			files = (
				99D60E6419F5FD0DCBA7F2A2 /* Pods_NewsApp.framework in Frameworks */,
			);
			runOnlyForDeploymentPostprocessing = 0;
		};
/* End PBXFrameworksBuildPhase section */

/* Begin PBXGroup section */
		0CAB127629354B670064FCC5 = {
			isa = PBXGroup;
			children = (
				0CAB128129354B670064FCC5 /* NewsApp */,
				0CAB128029354B670064FCC5 /* Products */,
				EEAA672958F203C99BCE1935 /* Pods */,
				D7E485D335E1BCB5BFA69A24 /* Frameworks */,
			);
			sourceTree = "<group>";
		};
		0CAB128029354B670064FCC5 /* Products */ = {
			isa = PBXGroup;
			children = (
				0CAB127F29354B670064FCC5 /* NewsApp.app */,
			);
			name = Products;
			sourceTree = "<group>";
		};
		0CAB128129354B670064FCC5 /* NewsApp */ = {
			isa = PBXGroup;
			children = (
				0CAB129829354BBB0064FCC5 /* Model */,
				0CAB129C29354CAA0064FCC5 /* Controller */,
				0CAB129D29354CBF0064FCC5 /* View */,
				0CAB128B29354B680064FCC5 /* Assets.xcassets */,
				0CAB129029354B680064FCC5 /* Info.plist */,
				0CAB128229354B670064FCC5 /* AppDelegate.swift */,
				0CAB128429354B670064FCC5 /* SceneDelegate.swift */,
				0CAB129F29354D360064FCC5 /* Extensions.swift */,
				0CAB12A229354D900064FCC5 /* constants.swift */,
			);
			path = NewsApp;
			sourceTree = "<group>";
		};
		0CAB129829354BBB0064FCC5 /* Model */ = {
			isa = PBXGroup;
			children = (
				0CAB129929354BD00064FCC5 /* News.swift */,
				0CAB12F2293562B60064FCC5 /* DataSource.swift */,
				0CC95FC329369A8000F65005 /* ArticlesData.swift */,
			);
			path = Model;
			sourceTree = "<group>";
		};
		0CAB129C29354CAA0064FCC5 /* Controller */ = {
			isa = PBXGroup;
			children = (
				0CAB128629354B670064FCC5 /* HomeVC.swift */,
				0CAB12B1293556820064FCC5 /* NewsCell.swift */,
				0CAB12F52935646C0064FCC5 /* NewsDetailsVC.swift */,
				0CAB12F829356D0C0064FCC5 /* FilterVC.swift */,
			);
			path = Controller;
			sourceTree = "<group>";
		};
		0CAB129D29354CBF0064FCC5 /* View */ = {
			isa = PBXGroup;
			children = (
				0CAB128D29354B680064FCC5 /* LaunchScreen.storyboard */,
				0CAB128829354B670064FCC5 /* Main.storyboard */,
				0CAB12B2293556820064FCC5 /* NewsCell.xib */,
			);
			path = View;
			sourceTree = "<group>";
		};
		D7E485D335E1BCB5BFA69A24 /* Frameworks */ = {
			isa = PBXGroup;
			children = (
				7FCA8EB14B0F0B4AEE959215 /* Pods_NewsApp.framework */,
			);
			name = Frameworks;
			sourceTree = "<group>";
		};
		EEAA672958F203C99BCE1935 /* Pods */ = {
			isa = PBXGroup;
			children = (
				328FBA84425C54E37D5E0B18 /* Pods-NewsApp.debug.xcconfig */,
				8C00FB355DE736BAEFA05278 /* Pods-NewsApp.release.xcconfig */,
			);
			path = Pods;
			sourceTree = "<group>";
		};
/* End PBXGroup section */

/* Begin PBXNativeTarget section */
		0CAB127E29354B670064FCC5 /* NewsApp */ = {
			isa = PBXNativeTarget;
			buildConfigurationList = 0CAB129329354B680064FCC5 /* Build configuration list for PBXNativeTarget "NewsApp" */;
			buildPhases = (
				567AAB4AA954B10E393803D1 /* [CP] Check Pods Manifest.lock */,
				0CAB127B29354B670064FCC5 /* Sources */,
				0CAB127C29354B670064FCC5 /* Frameworks */,
				0CAB127D29354B670064FCC5 /* Resources */,
				4B6B13DA9D1BDBF2E61C7962 /* [CP] Embed Pods Frameworks */,
			);
			buildRules = (
			);
			dependencies = (
			);
			name = NewsApp;
			productName = NewsApp;
			productReference = 0CAB127F29354B670064FCC5 /* NewsApp.app */;
			productType = "com.apple.product-type.application";
		};
/* End PBXNativeTarget section */

/* Begin PBXProject section */
		0CAB127729354B670064FCC5 /* Project object */ = {
			isa = PBXProject;
			attributes = {
				LastSwiftUpdateCheck = 1240;
				LastUpgradeCheck = 1240;
				TargetAttributes = {
					0CAB127E29354B670064FCC5 = {
						CreatedOnToolsVersion = 12.4;
					};
				};
			};
			buildConfigurationList = 0CAB127A29354B670064FCC5 /* Build configuration list for PBXProject "NewsApp" */;
			compatibilityVersion = "Xcode 9.3";
			developmentRegion = en;
			hasScannedForEncodings = 0;
			knownRegions = (
				en,
				Base,
			);
			mainGroup = 0CAB127629354B670064FCC5;
			productRefGroup = 0CAB128029354B670064FCC5 /* Products */;
			projectDirPath = "";
			projectRoot = "";
			targets = (
				0CAB127E29354B670064FCC5 /* NewsApp */,
			);
		};
/* End PBXProject section */

/* Begin PBXResourcesBuildPhase section */
		0CAB127D29354B670064FCC5 /* Resources */ = {
			isa = PBXResourcesBuildPhase;
			buildActionMask = 2147483647;
			files = (
				0CAB128F29354B680064FCC5 /* LaunchScreen.storyboard in Resources */,
				0CAB128C29354B680064FCC5 /* Assets.xcassets in Resources */,
				0CAB12B4293556820064FCC5 /* NewsCell.xib in Resources */,
				0CAB128A29354B670064FCC5 /* Main.storyboard in Resources */,
			);
			runOnlyForDeploymentPostprocessing = 0;
		};
/* End PBXResourcesBuildPhase section */

/* Begin PBXShellScriptBuildPhase section */
		4B6B13DA9D1BDBF2E61C7962 /* [CP] Embed Pods Frameworks */ = {
			isa = PBXShellScriptBuildPhase;
			buildActionMask = 2147483647;
			files = (
			);
			inputFileListPaths = (
				"${PODS_ROOT}/Target Support Files/Pods-NewsApp/Pods-NewsApp-frameworks-${CONFIGURATION}-input-files.xcfilelist",
			);
			name = "[CP] Embed Pods Frameworks";
			outputFileListPaths = (
				"${PODS_ROOT}/Target Support Files/Pods-NewsApp/Pods-NewsApp-frameworks-${CONFIGURATION}-output-files.xcfilelist",
			);
			runOnlyForDeploymentPostprocessing = 0;
			shellPath = /bin/sh;
			shellScript = "\"${PODS_ROOT}/Target Support Files/Pods-NewsApp/Pods-NewsApp-frameworks.sh\"\n";
			showEnvVarsInLog = 0;
		};
		567AAB4AA954B10E393803D1 /* [CP] Check Pods Manifest.lock */ = {
			isa = PBXShellScriptBuildPhase;
			buildActionMask = 2147483647;
			files = (
			);
			inputFileListPaths = (
			);
			inputPaths = (
				"${PODS_PODFILE_DIR_PATH}/Podfile.lock",
				"${PODS_ROOT}/Manifest.lock",
			);
			name = "[CP] Check Pods Manifest.lock";
			outputFileListPaths = (
			);
			outputPaths = (
				"$(DERIVED_FILE_DIR)/Pods-NewsApp-checkManifestLockResult.txt",
			);
			runOnlyForDeploymentPostprocessing = 0;
			shellPath = /bin/sh;
			shellScript = "diff \"${PODS_PODFILE_DIR_PATH}/Podfile.lock\" \"${PODS_ROOT}/Manifest.lock\" > /dev/null\nif [ $? != 0 ] ; then\n    # print error to STDERR\n    echo \"error: The sandbox is not in sync with the Podfile.lock. Run 'pod install' or update your CocoaPods installation.\" >&2\n    exit 1\nfi\n# This output is used by Xcode 'outputs' to avoid re-running this script phase.\necho \"SUCCESS\" > \"${SCRIPT_OUTPUT_FILE_0}\"\n";
			showEnvVarsInLog = 0;
		};
/* End PBXShellScriptBuildPhase section */

/* Begin PBXSourcesBuildPhase section */
		0CAB127B29354B670064FCC5 /* Sources */ = {
			isa = PBXSourcesBuildPhase;
			buildActionMask = 2147483647;
			files = (
				0CAB12F929356D0C0064FCC5 /* FilterVC.swift in Sources */,
				0CAB12A029354D360064FCC5 /* Extensions.swift in Sources */,
				0CC95FC429369A8000F65005 /* ArticlesData.swift in Sources */,
				0CAB128729354B670064FCC5 /* HomeVC.swift in Sources */,
				0CAB12F62935646C0064FCC5 /* NewsDetailsVC.swift in Sources */,
				0CAB128329354B670064FCC5 /* AppDelegate.swift in Sources */,
				0CAB12B3293556820064FCC5 /* NewsCell.swift in Sources */,
				0CAB129A29354BD00064FCC5 /* News.swift in Sources */,
				0CAB128529354B670064FCC5 /* SceneDelegate.swift in Sources */,
				0CAB12F3293562B60064FCC5 /* DataSource.swift in Sources */,
				0CAB12A329354D900064FCC5 /* constants.swift in Sources */,
			);
			runOnlyForDeploymentPostprocessing = 0;
		};
/* End PBXSourcesBuildPhase section */

/* Begin PBXVariantGroup section */
		0CAB128829354B670064FCC5 /* Main.storyboard */ = {
			isa = PBXVariantGroup;
			children = (
				0CAB128929354B670064FCC5 /* Base */,
			);
			name = Main.storyboard;
			sourceTree = "<group>";
		};
		0CAB128D29354B680064FCC5 /* LaunchScreen.storyboard */ = {
			isa = PBXVariantGroup;
			children = (
				0CAB128E29354B680064FCC5 /* Base */,
			);
			name = LaunchScreen.storyboard;
			sourceTree = "<group>";
		};
/* End PBXVariantGroup section */

/* Begin XCBuildConfiguration section */
		0CAB129129354B680064FCC5 /* Debug */ = {
			isa = XCBuildConfiguration;
			buildSettings = {
				ALWAYS_SEARCH_USER_PATHS = NO;
				CLANG_ANALYZER_NONNULL = YES;
				CLANG_ANALYZER_NUMBER_OBJECT_CONVERSION = YES_AGGRESSIVE;
				CLANG_CXX_LANGUAGE_STANDARD = "gnu++14";
				CLANG_CXX_LIBRARY = "libc++";
				CLANG_ENABLE_MODULES = YES;
				CLANG_ENABLE_OBJC_ARC = YES;
				CLANG_ENABLE_OBJC_WEAK = YES;
				CLANG_WARN_BLOCK_CAPTURE_AUTORELEASING = YES;
				CLANG_WARN_BOOL_CONVERSION = YES;
				CLANG_WARN_COMMA = YES;
				CLANG_WARN_CONSTANT_CONVERSION = YES;
				CLANG_WARN_DEPRECATED_OBJC_IMPLEMENTATIONS = YES;
				CLANG_WARN_DIRECT_OBJC_ISA_USAGE = YES_ERROR;
				CLANG_WARN_DOCUMENTATION_COMMENTS = YES;
				CLANG_WARN_EMPTY_BODY = YES;
				CLANG_WARN_ENUM_CONVERSION = YES;
				CLANG_WARN_INFINITE_RECURSION = YES;
				CLANG_WARN_INT_CONVERSION = YES;
				CLANG_WARN_NON_LITERAL_NULL_CONVERSION = YES;
				CLANG_WARN_OBJC_IMPLICIT_RETAIN_SELF = YES;
				CLANG_WARN_OBJC_LITERAL_CONVERSION = YES;
				CLANG_WARN_OBJC_ROOT_CLASS = YES_ERROR;
				CLANG_WARN_QUOTED_INCLUDE_IN_FRAMEWORK_HEADER = YES;
				CLANG_WARN_RANGE_LOOP_ANALYSIS = YES;
				CLANG_WARN_STRICT_PROTOTYPES = YES;
				CLANG_WARN_SUSPICIOUS_MOVE = YES;
				CLANG_WARN_UNGUARDED_AVAILABILITY = YES_AGGRESSIVE;
				CLANG_WARN_UNREACHABLE_CODE = YES;
				CLANG_WARN__DUPLICATE_METHOD_MATCH = YES;
				COPY_PHASE_STRIP = NO;
				DEBUG_INFORMATION_FORMAT = dwarf;
				ENABLE_STRICT_OBJC_MSGSEND = YES;
				ENABLE_TESTABILITY = YES;
				GCC_C_LANGUAGE_STANDARD = gnu11;
				GCC_DYNAMIC_NO_PIC = NO;
				GCC_NO_COMMON_BLOCKS = YES;
				GCC_OPTIMIZATION_LEVEL = 0;
				GCC_PREPROCESSOR_DEFINITIONS = (
					"DEBUG=1",
					"$(inherited)",
				);
				GCC_WARN_64_TO_32_BIT_CONVERSION = YES;
				GCC_WARN_ABOUT_RETURN_TYPE = YES_ERROR;
				GCC_WARN_UNDECLARED_SELECTOR = YES;
				GCC_WARN_UNINITIALIZED_AUTOS = YES_AGGRESSIVE;
				GCC_WARN_UNUSED_FUNCTION = YES;
				GCC_WARN_UNUSED_VARIABLE = YES;
				IPHONEOS_DEPLOYMENT_TARGET = 14.4;
				MTL_ENABLE_DEBUG_INFO = INCLUDE_SOURCE;
				MTL_FAST_MATH = YES;
				ONLY_ACTIVE_ARCH = YES;
				SDKROOT = iphoneos;
				SWIFT_ACTIVE_COMPILATION_CONDITIONS = DEBUG;
				SWIFT_OPTIMIZATION_LEVEL = "-Onone";
			};
			name = Debug;
		};
		0CAB129229354B680064FCC5 /* Release */ = {
			isa = XCBuildConfiguration;
			buildSettings = {
				ALWAYS_SEARCH_USER_PATHS = NO;
				CLANG_ANALYZER_NONNULL = YES;
				CLANG_ANALYZER_NUMBER_OBJECT_CONVERSION = YES_AGGRESSIVE;
				CLANG_CXX_LANGUAGE_STANDARD = "gnu++14";
				CLANG_CXX_LIBRARY = "libc++";
				CLANG_ENABLE_MODULES = YES;
				CLANG_ENABLE_OBJC_ARC = YES;
				CLANG_ENABLE_OBJC_WEAK = YES;
				CLANG_WARN_BLOCK_CAPTURE_AUTORELEASING = YES;
				CLANG_WARN_BOOL_CONVERSION = YES;
				CLANG_WARN_COMMA = YES;
				CLANG_WARN_CONSTANT_CONVERSION = YES;
				CLANG_WARN_DEPRECATED_OBJC_IMPLEMENTATIONS = YES;
				CLANG_WARN_DIRECT_OBJC_ISA_USAGE = YES_ERROR;
				CLANG_WARN_DOCUMENTATION_COMMENTS = YES;
				CLANG_WARN_EMPTY_BODY = YES;
				CLANG_WARN_ENUM_CONVERSION = YES;
				CLANG_WARN_INFINITE_RECURSION = YES;
				CLANG_WARN_INT_CONVERSION = YES;
				CLANG_WARN_NON_LITERAL_NULL_CONVERSION = YES;
				CLANG_WARN_OBJC_IMPLICIT_RETAIN_SELF = YES;
				CLANG_WARN_OBJC_LITERAL_CONVERSION = YES;
				CLANG_WARN_OBJC_ROOT_CLASS = YES_ERROR;
				CLANG_WARN_QUOTED_INCLUDE_IN_FRAMEWORK_HEADER = YES;
				CLANG_WARN_RANGE_LOOP_ANALYSIS = YES;
				CLANG_WARN_STRICT_PROTOTYPES = YES;
				CLANG_WARN_SUSPICIOUS_MOVE = YES;
				CLANG_WARN_UNGUARDED_AVAILABILITY = YES_AGGRESSIVE;
				CLANG_WARN_UNREACHABLE_CODE = YES;
				CLANG_WARN__DUPLICATE_METHOD_MATCH = YES;
				COPY_PHASE_STRIP = NO;
				DEBUG_INFORMATION_FORMAT = "dwarf-with-dsym";
				ENABLE_NS_ASSERTIONS = NO;
				ENABLE_STRICT_OBJC_MSGSEND = YES;
				GCC_C_LANGUAGE_STANDARD = gnu11;
				GCC_NO_COMMON_BLOCKS = YES;
				GCC_WARN_64_TO_32_BIT_CONVERSION = YES;
				GCC_WARN_ABOUT_RETURN_TYPE = YES_ERROR;
				GCC_WARN_UNDECLARED_SELECTOR = YES;
				GCC_WARN_UNINITIALIZED_AUTOS = YES_AGGRESSIVE;
				GCC_WARN_UNUSED_FUNCTION = YES;
				GCC_WARN_UNUSED_VARIABLE = YES;
				IPHONEOS_DEPLOYMENT_TARGET = 14.4;
				MTL_ENABLE_DEBUG_INFO = NO;
				MTL_FAST_MATH = YES;
				SDKROOT = iphoneos;
				SWIFT_COMPILATION_MODE = wholemodule;
				SWIFT_OPTIMIZATION_LEVEL = "-O";
				VALIDATE_PRODUCT = YES;
			};
			name = Release;
		};
		0CAB129429354B680064FCC5 /* Debug */ = {
			isa = XCBuildConfiguration;
			baseConfigurationReference = 328FBA84425C54E37D5E0B18 /* Pods-NewsApp.debug.xcconfig */;
			buildSettings = {
				ASSETCATALOG_COMPILER_APPICON_NAME = AppIcon;
				ASSETCATALOG_COMPILER_GLOBAL_ACCENT_COLOR_NAME = AccentColor;
				CODE_SIGN_STYLE = Automatic;
				INFOPLIST_FILE = NewsApp/Info.plist;
				LD_RUNPATH_SEARCH_PATHS = (
					"$(inherited)",
					"@executable_path/Frameworks",
				);
				PRODUCT_BUNDLE_IDENTIFIER = MyLearning.NewsApp;
				PRODUCT_NAME = "$(TARGET_NAME)";
				SWIFT_VERSION = 5.0;
				TARGETED_DEVICE_FAMILY = "1,2";
			};
			name = Debug;
		};
		0CAB129529354B680064FCC5 /* Release */ = {
			isa = XCBuildConfiguration;
			baseConfigurationReference = 8C00FB355DE736BAEFA05278 /* Pods-NewsApp.release.xcconfig */;
			buildSettings = {
				ASSETCATALOG_COMPILER_APPICON_NAME = AppIcon;
				ASSETCATALOG_COMPILER_GLOBAL_ACCENT_COLOR_NAME = AccentColor;
				CODE_SIGN_STYLE = Automatic;
				INFOPLIST_FILE = NewsApp/Info.plist;
				LD_RUNPATH_SEARCH_PATHS = (
					"$(inherited)",
					"@executable_path/Frameworks",
				);
				PRODUCT_BUNDLE_IDENTIFIER = MyLearning.NewsApp;
				PRODUCT_NAME = "$(TARGET_NAME)";
				SWIFT_VERSION = 5.0;
				TARGETED_DEVICE_FAMILY = "1,2";
			};
			name = Release;
		};
/* End XCBuildConfiguration section */

/* Begin XCConfigurationList section */
		0CAB127A29354B670064FCC5 /* Build configuration list for PBXProject "NewsApp" */ = {
			isa = XCConfigurationList;
			buildConfigurations = (
				0CAB129129354B680064FCC5 /* Debug */,
				0CAB129229354B680064FCC5 /* Release */,
			);
			defaultConfigurationIsVisible = 0;
			defaultConfigurationName = Release;
		};
		0CAB129329354B680064FCC5 /* Build configuration list for PBXNativeTarget "NewsApp" */ = {
			isa = XCConfigurationList;
			buildConfigurations = (
				0CAB129429354B680064FCC5 /* Debug */,
				0CAB129529354B680064FCC5 /* Release */,
			);
			defaultConfigurationIsVisible = 0;
			defaultConfigurationName = Release;
		};
/* End XCConfigurationList section */
	};
	rootObject = 0CAB127729354B670064FCC5 /* Project object */;
}
